
Microsoft Visual Studio Solution File, Format Version 12.00
# Visual Studio Version 17
VisualStudioVersion = 17.0.31903.59
MinimumVisualStudioVersion = 10.0.40219.1
Project("{FAE04EC0-301F-11D3-BF4B-00C04F79EFBC}") = "Mcp.Server.Http", "Mcp.Server.Http\Mcp.Server.Http.csproj", "{BAF51B92-0719-47E2-9EE5-766FED03F136}"
EndProject
Project("{FAE04EC0-301F-11D3-BF4B-00C04F79EFBC}") = "Mcp.Governance", "Mcp.Governance\Mcp.Governance.csproj", "{2E9BC52C-7A01-BE97-D059-786C55A12584}"
EndProject
Project("{FAE04EC0-301F-11D3-BF4B-00C04F79EFBC}") = "Mcp.Tests", "Mcp.Tests\Mcp.Tests.csproj", "{9EE9D05C-E224-4985-8F5B-173918D17903}"
EndProject
Project("{2150E333-8FDC-42A3-9474-1A3956D46DE8}") = "Solution Items", "Solution Items", "{8EC462FD-D22E-90A8-E5CE-7E832BA40C5D}"
	ProjectSection(SolutionItems) = preProject
		Architecture.md = Architecture.md
	EndProjectSection
EndProject
Project("{FAE04EC0-301F-11D3-BF4B-00C04F79EFBC}") = "Test.WebApi", "Test.WebApi\Test.WebApi.csproj", "{09DC8A59-E4DC-42DE-B866-2A8F9271F12A}"
EndProject
Project("{FAE04EC0-301F-11D3-BF4B-00C04F79EFBC}") = "Mcp.Server", "Mcp.Server\Mcp.Server.csproj", "{8DAF0960-B9D1-4EA9-AD4B-6C487731388E}"
EndProject
Project("{FAE04EC0-301F-11D3-BF4B-00C04F79EFBC}") = "Mcp.Agent", "Mcp.Agent\Mcp.Agent.csproj", "{D5C88212-0C78-45F4-851B-CA3C0E76D12C}"
EndProject
Global
	GlobalSection(SolutionConfigurationPlatforms) = preSolution
		Debug|Any CPU = Debug|Any CPU
		Debug|x64 = Debug|x64
		Debug|x86 = Debug|x86
		Release|Any CPU = Release|Any CPU
		Release|x64 = Release|x64
		Release|x86 = Release|x86
	EndGlobalSection
	GlobalSection(ProjectConfigurationPlatforms) = postSolution
		{BAF51B92-0719-47E2-9EE5-766FED03F136}.Debug|Any CPU.ActiveCfg = Debug|Any CPU
		{BAF51B92-0719-47E2-9EE5-766FED03F136}.Debug|Any CPU.Build.0 = Debug|Any CPU
		{BAF51B92-0719-47E2-9EE5-766FED03F136}.Debug|x64.ActiveCfg = Debug|Any CPU
		{BAF51B92-0719-47E2-9EE5-766FED03F136}.Debug|x64.Build.0 = Debug|Any CPU
		{BAF51B92-0719-47E2-9EE5-766FED03F136}.Debug|x86.ActiveCfg = Debug|Any CPU
		{BAF51B92-0719-47E2-9EE5-766FED03F136}.Debug|x86.Build.0 = Debug|Any CPU
		{BAF51B92-0719-47E2-9EE5-766FED03F136}.Release|Any CPU.ActiveCfg = Release|Any CPU
		{BAF51B92-0719-47E2-9EE5-766FED03F136}.Release|Any CPU.Build.0 = Release|Any CPU
		{BAF51B92-0719-47E2-9EE5-766FED03F136}.Release|x64.ActiveCfg = Release|Any CPU
		{BAF51B92-0719-47E2-9EE5-766FED03F136}.Release|x64.Build.0 = Release|Any CPU
		{BAF51B92-0719-47E2-9EE5-766FED03F136}.Release|x86.ActiveCfg = Release|Any CPU
		{BAF51B92-0719-47E2-9EE5-766FED03F136}.Release|x86.Build.0 = Release|Any CPU
		{2E9BC52C-7A01-BE97-D059-786C55A12584}.Debug|Any CPU.ActiveCfg = Debug|Any CPU
		{2E9BC52C-7A01-BE97-D059-786C55A12584}.Debug|Any CPU.Build.0 = Debug|Any CPU
		{2E9BC52C-7A01-BE97-D059-786C55A12584}.Debug|x64.ActiveCfg = Debug|Any CPU
		{2E9BC52C-7A01-BE97-D059-786C55A12584}.Debug|x64.Build.0 = Debug|Any CPU
		{2E9BC52C-7A01-BE97-D059-786C55A12584}.Debug|x86.ActiveCfg = Debug|Any CPU
		{2E9BC52C-7A01-BE97-D059-786C55A12584}.Debug|x86.Build.0 = Debug|Any CPU
		{2E9BC52C-7A01-BE97-D059-786C55A12584}.Release|Any CPU.ActiveCfg = Release|Any CPU
		{2E9BC52C-7A01-BE97-D059-786C55A12584}.Release|Any CPU.Build.0 = Release|Any CPU
		{2E9BC52C-7A01-BE97-D059-786C55A12584}.Release|x64.ActiveCfg = Release|Any CPU
		{2E9BC52C-7A01-BE97-D059-786C55A12584}.Release|x64.Build.0 = Release|Any CPU
		{2E9BC52C-7A01-BE97-D059-786C55A12584}.Release|x86.ActiveCfg = Release|Any CPU
		{2E9BC52C-7A01-BE97-D059-786C55A12584}.Release|x86.Build.0 = Release|Any CPU
		{9EE9D05C-E224-4985-8F5B-173918D17903}.Debug|Any CPU.ActiveCfg = Debug|Any CPU
		{9EE9D05C-E224-4985-8F5B-173918D17903}.Debug|Any CPU.Build.0 = Debug|Any CPU
		{9EE9D05C-E224-4985-8F5B-173918D17903}.Debug|x64.ActiveCfg = Debug|Any CPU
		{9EE9D05C-E224-4985-8F5B-173918D17903}.Debug|x64.Build.0 = Debug|Any CPU
		{9EE9D05C-E224-4985-8F5B-173918D17903}.Debug|x86.ActiveCfg = Debug|Any CPU
		{9EE9D05C-E224-4985-8F5B-173918D17903}.Debug|x86.Build.0 = Debug|Any CPU
		{9EE9D05C-E224-4985-8F5B-173918D17903}.Release|Any CPU.ActiveCfg = Release|Any CPU
		{9EE9D05C-E224-4985-8F5B-173918D17903}.Release|Any CPU.Build.0 = Release|Any CPU
		{9EE9D05C-E224-4985-8F5B-173918D17903}.Release|x64.ActiveCfg = Release|Any CPU
		{9EE9D05C-E224-4985-8F5B-173918D17903}.Release|x64.Build.0 = Release|Any CPU
		{9EE9D05C-E224-4985-8F5B-173918D17903}.Release|x86.ActiveCfg = Release|Any CPU
		{9EE9D05C-E224-4985-8F5B-173918D17903}.Release|x86.Build.0 = Release|Any CPU
		{09DC8A59-E4DC-42DE-B866-2A8F9271F12A}.Debug|Any CPU.ActiveCfg = Debug|Any CPU
		{09DC8A59-E4DC-42DE-B866-2A8F9271F12A}.Debug|Any CPU.Build.0 = Debug|Any CPU
		{09DC8A59-E4DC-42DE-B866-2A8F9271F12A}.Debug|x64.ActiveCfg = Debug|Any CPU
		{09DC8A59-E4DC-42DE-B866-2A8F9271F12A}.Debug|x64.Build.0 = Debug|Any CPU
		{09DC8A59-E4DC-42DE-B866-2A8F9271F12A}.Debug|x86.ActiveCfg = Debug|Any CPU
		{09DC8A59-E4DC-42DE-B866-2A8F9271F12A}.Debug|x86.Build.0 = Debug|Any CPU
		{09DC8A59-E4DC-42DE-B866-2A8F9271F12A}.Release|Any CPU.ActiveCfg = Release|Any CPU
		{09DC8A59-E4DC-42DE-B866-2A8F9271F12A}.Release|Any CPU.Build.0 = Release|Any CPU
		{09DC8A59-E4DC-42DE-B866-2A8F9271F12A}.Release|x64.ActiveCfg = Release|Any CPU
		{09DC8A59-E4DC-42DE-B866-2A8F9271F12A}.Release|x64.Build.0 = Release|Any CPU
		{09DC8A59-E4DC-42DE-B866-2A8F9271F12A}.Release|x86.ActiveCfg = Release|Any CPU
		{09DC8A59-E4DC-42DE-B866-2A8F9271F12A}.Release|x86.Build.0 = Release|Any CPU
		{8DAF0960-B9D1-4EA9-AD4B-6C487731388E}.Debug|Any CPU.ActiveCfg = Debug|Any CPU
		{8DAF0960-B9D1-4EA9-AD4B-6C487731388E}.Debug|Any CPU.Build.0 = Debug|Any CPU
		{8DAF0960-B9D1-4EA9-AD4B-6C487731388E}.Debug|x64.ActiveCfg = Debug|Any CPU
		{8DAF0960-B9D1-4EA9-AD4B-6C487731388E}.Debug|x64.Build.0 = Debug|Any CPU
		{8DAF0960-B9D1-4EA9-AD4B-6C487731388E}.Debug|x86.ActiveCfg = Debug|Any CPU
		{8DAF0960-B9D1-4EA9-AD4B-6C487731388E}.Debug|x86.Build.0 = Debug|Any CPU
		{8DAF0960-B9D1-4EA9-AD4B-6C487731388E}.Release|Any CPU.ActiveCfg = Release|Any CPU
		{8DAF0960-B9D1-4EA9-AD4B-6C487731388E}.Release|Any CPU.Build.0 = Release|Any CPU
		{8DAF0960-B9D1-4EA9-AD4B-6C487731388E}.Release|x64.ActiveCfg = Release|Any CPU
		{8DAF0960-B9D1-4EA9-AD4B-6C487731388E}.Release|x64.Build.0 = Release|Any CPU
		{8DAF0960-B9D1-4EA9-AD4B-6C487731388E}.Release|x86.ActiveCfg = Release|Any CPU
		{8DAF0960-B9D1-4EA9-AD4B-6C487731388E}.Release|x86.Build.0 = Release|Any CPU
		{D5C88212-0C78-45F4-851B-CA3C0E76D12C}.Debug|Any CPU.ActiveCfg = Debug|Any CPU
		{D5C88212-0C78-45F4-851B-CA3C0E76D12C}.Debug|Any CPU.Build.0 = Debug|Any CPU
		{D5C88212-0C78-45F4-851B-CA3C0E76D12C}.Debug|x64.ActiveCfg = Debug|Any CPU
		{D5C88212-0C78-45F4-851B-CA3C0E76D12C}.Debug|x64.Build.0 = Debug|Any CPU
		{D5C88212-0C78-45F4-851B-CA3C0E76D12C}.Debug|x86.ActiveCfg = Debug|Any CPU
		{D5C88212-0C78-45F4-851B-CA3C0E76D12C}.Debug|x86.Build.0 = Debug|Any CPU
		{D5C88212-0C78-45F4-851B-CA3C0E76D12C}.Release|Any CPU.ActiveCfg = Release|Any CPU
		{D5C88212-0C78-45F4-851B-CA3C0E76D12C}.Release|Any CPU.Build.0 = Release|Any CPU
		{D5C88212-0C78-45F4-851B-CA3C0E76D12C}.Release|x64.ActiveCfg = Release|Any CPU
		{D5C88212-0C78-45F4-851B-CA3C0E76D12C}.Release|x64.Build.0 = Release|Any CPU
		{D5C88212-0C78-45F4-851B-CA3C0E76D12C}.Release|x86.ActiveCfg = Release|Any CPU
		{D5C88212-0C78-45F4-851B-CA3C0E76D12C}.Release|x86.Build.0 = Release|Any CPU
	EndGlobalSection
	GlobalSection(SolutionProperties) = preSolution
		HideSolutionNode = FALSE
	EndGlobalSection
	GlobalSection(ExtensibilityGlobals) = postSolution
		SolutionGuid = {AEDDDE06-1E16-4B63-A198-8AB73012B5E5}
	EndGlobalSection
EndGlobal
